# @generated by Move, please check-in and do not edit manually.

[move]
version = 3
manifest_digest = "EC5131B10973D16FD62299CECF6427175214F477BBEA4C4FC6BC9ACAC3535297"
deps_digest = "F8BBB0CCB2491CA29A3DF03D6F92277A4F3574266507ACD77214D37ECA3F3082"
dependencies = [
  { id = "Iota", name = "Iota" },
]

[[move.package]]
id = "Iota"
source = { git = "https://github.com/iotaledger/iota.git", rev = "testnet", subdir = "crates/iota-framework/packages/iota-framework" }

dependencies = [
  { id = "MoveStdlib", name = "MoveStdlib" },
]

[[move.package]]
id = "MoveStdlib"
source = { git = "https://github.com/iotaledger/iota.git", rev = "testnet", subdir = "crates/iota-framework/packages/move-stdlib" }

[move.toolchain-version]
compiler-version = "0.12.0-rc"
edition = "2024.beta"
flavor = "iota"

[env]

[env.testnet]
chain-id = "2304aa97"
original-published-id = "0x94c4ba3f44d99a3bbf36139ebc179fe74bca6e8670d932a96db5968d34d81a44"
latest-published-id = "0x94c4ba3f44d99a3bbf36139ebc179fe74bca6e8670d932a96db5968d34d81a44"
published-version = "1"
